// !$*UTF8*$!
{
	archiveVersion = 1;
	classes = {
	};
	objectVersion = 56;
	objects = {

/* Begin PBXBuildFile section */
		3E1A73CB2BE335FF00A78B19 /* MovieAIApp.swift in Sources */ = {isa = PBXBuildFile; fileRef = 3E1A73CA2BE335FF00A78B19 /* MovieAIApp.swift */; };
		3E1A73CD2BE335FF00A78B19 /* ContentView.swift in Sources */ = {isa = PBXBuildFile; fileRef = 3E1A73CC2BE335FF00A78B19 /* ContentView.swift */; };
		3E1A73CF2BE3360000A78B19 /* Assets.xcassets in Resources */ = {isa = PBXBuildFile; fileRef = 3E1A73CE2BE3360000A78B19 /* Assets.xcassets */; };
		3E1A73D22BE3360000A78B19 /* Preview Assets.xcassets in Resources */ = {isa = PBXBuildFile; fileRef = 3E1A73D12BE3360000A78B19 /* Preview Assets.xcassets */; };
		3E1A73DD2BE3379800A78B19 /* Constant.swift in Sources */ = {isa = PBXBuildFile; fileRef = 3E1A73DC2BE3379800A78B19 /* Constant.swift */; };
		3E1A73E02BE33A8100A78B19 /* MovieAIModel.swift in Sources */ = {isa = PBXBuildFile; fileRef = 3E1A73DF2BE33A8100A78B19 /* MovieAIModel.swift */; };
		3E1A73E32BE346E200A78B19 /* GoogleGenerativeAI in Frameworks */ = {isa = PBXBuildFile; productRef = 3E1A73E22BE346E200A78B19 /* GoogleGenerativeAI */; };
		3E1A73E62BE3475C00A78B19 /* FirebaseRemoteConfig in Frameworks */ = {isa = PBXBuildFile; productRef = 3E1A73E52BE3475C00A78B19 /* FirebaseRemoteConfig */; };
		3E1A73E82BE3475C00A78B19 /* FirebaseRemoteConfigSwift in Frameworks */ = {isa = PBXBuildFile; productRef = 3E1A73E72BE3475C00A78B19 /* FirebaseRemoteConfigSwift */; };
		3E1A73EA2BE347A300A78B19 /* GoogleService-Info.plist in Resources */ = {isa = PBXBuildFile; fileRef = 3E1A73E92BE347A300A78B19 /* GoogleService-Info.plist */; };
		3E1A73ED2BE348B900A78B19 /* RemoteConfigService.swift in Sources */ = {isa = PBXBuildFile; fileRef = 3E1A73EC2BE348B900A78B19 /* RemoteConfigService.swift */; };
		3E1A73F02BE349E100A78B19 /* MovieAIViewModel.swift in Sources */ = {isa = PBXBuildFile; fileRef = 3E1A73EF2BE349E100A78B19 /* MovieAIViewModel.swift */; };
		3E1A73F22BE3520800A78B19 /* MovieRow.swift in Sources */ = {isa = PBXBuildFile; fileRef = 3E1A73F12BE3520800A78B19 /* MovieRow.swift */; };
/* End PBXBuildFile section */

/* Begin PBXFileReference section */
		3E1A73C72BE335FF00A78B19 /* MovieAI.app */ = {isa = PBXFileReference; explicitFileType = wrapper.application; includeInIndex = 0; path = MovieAI.app; sourceTree = BUILT_PRODUCTS_DIR; };
		3E1A73CA2BE335FF00A78B19 /* MovieAIApp.swift */ = {isa = PBXFileReference; lastKnownFileType = sourcecode.swift; path = MovieAIApp.swift; sourceTree = "<group>"; };
		3E1A73CC2BE335FF00A78B19 /* ContentView.swift */ = {isa = PBXFileReference; lastKnownFileType = sourcecode.swift; path = ContentView.swift; sourceTree = "<group>"; };
		3E1A73CE2BE3360000A78B19 /* Assets.xcassets */ = {isa = PBXFileReference; lastKnownFileType = folder.assetcatalog; path = Assets.xcassets; sourceTree = "<group>"; };
		3E1A73D12BE3360000A78B19 /* Preview Assets.xcassets */ = {isa = PBXFileReference; lastKnownFileType = folder.assetcatalog; path = "Preview Assets.xcassets"; sourceTree = "<group>"; };
		3E1A73DC2BE3379800A78B19 /* Constant.swift */ = {isa = PBXFileReference; lastKnownFileType = sourcecode.swift; path = Constant.swift; sourceTree = "<group>"; };
		3E1A73DF2BE33A8100A78B19 /* MovieAIModel.swift */ = {isa = PBXFileReference; lastKnownFileType = sourcecode.swift; path = MovieAIModel.swift; sourceTree = "<group>"; };
		3E1A73E92BE347A300A78B19 /* GoogleService-Info.plist */ = {isa = PBXFileReference; fileEncoding = 4; lastKnownFileType = text.plist.xml; path = "GoogleService-Info.plist"; sourceTree = "<group>"; };
		3E1A73EC2BE348B900A78B19 /* RemoteConfigService.swift */ = {isa = PBXFileReference; lastKnownFileType = sourcecode.swift; path = RemoteConfigService.swift; sourceTree = "<group>"; };
		3E1A73EF2BE349E100A78B19 /* MovieAIViewModel.swift */ = {isa = PBXFileReference; lastKnownFileType = sourcecode.swift; path = MovieAIViewModel.swift; sourceTree = "<group>"; };
		3E1A73F12BE3520800A78B19 /* MovieRow.swift */ = {isa = PBXFileReference; lastKnownFileType = sourcecode.swift; path = MovieRow.swift; sourceTree = "<group>"; };
/* End PBXFileReference section */

/* Begin PBXFrameworksBuildPhase section */
		3E1A73C42BE335FF00A78B19 /* Frameworks */ = {
			isa = PBXFrameworksBuildPhase;
			buildActionMask = 2147483647;
			files = (
				3E1A73E82BE3475C00A78B19 /* FirebaseRemoteConfigSwift in Frameworks */,
				3E1A73E32BE346E200A78B19 /* GoogleGenerativeAI in Frameworks */,
				3E1A73E62BE3475C00A78B19 /* FirebaseRemoteConfig in Frameworks */,
			);
			runOnlyForDeploymentPostprocessing = 0;
		};
/* End PBXFrameworksBuildPhase section */

/* Begin PBXGroup section */
		3E1A73BE2BE335FF00A78B19 = {
			isa = PBXGroup;
			children = (
				3E1A73C92BE335FF00A78B19 /* MovieAI */,
				3E1A73C82BE335FF00A78B19 /* Products */,
			);
			sourceTree = "<group>";
		};
		3E1A73C82BE335FF00A78B19 /* Products */ = {
			isa = PBXGroup;
			children = (
				3E1A73C72BE335FF00A78B19 /* MovieAI.app */,
			);
			name = Products;
			sourceTree = "<group>";
		};
		3E1A73C92BE335FF00A78B19 /* MovieAI */ = {
			isa = PBXGroup;
			children = (
				3E1A73EE2BE349A200A78B19 /* ViewModel */,
				3E1A73EB2BE348A100A78B19 /* Config */,
				3E1A73E92BE347A300A78B19 /* GoogleService-Info.plist */,
				3E1A73DE2BE339CA00A78B19 /* Services */,
				3E1A73DB2BE3375000A78B19 /* Model */,
				3E1A73D82BE3360A00A78B19 /* App */,
				3E1A73D92BE3361000A78B19 /* View */,
				3E1A73DA2BE3361600A78B19 /* Resources */,
				3E1A73D02BE3360000A78B19 /* Preview Content */,
			);
			path = MovieAI;
			sourceTree = "<group>";
		};
		3E1A73D02BE3360000A78B19 /* Preview Content */ = {
			isa = PBXGroup;
			children = (
				3E1A73D12BE3360000A78B19 /* Preview Assets.xcassets */,
			);
			path = "Preview Content";
			sourceTree = "<group>";
		};
		3E1A73D82BE3360A00A78B19 /* App */ = {
			isa = PBXGroup;
			children = (
				3E1A73CA2BE335FF00A78B19 /* MovieAIApp.swift */,
			);
			path = App;
			sourceTree = "<group>";
		};
		3E1A73D92BE3361000A78B19 /* View */ = {
			isa = PBXGroup;
			children = (
				3E1A73CC2BE335FF00A78B19 /* ContentView.swift */,
				3E1A73F12BE3520800A78B19 /* MovieRow.swift */,
			);
			path = View;
			sourceTree = "<group>";
		};
		3E1A73DA2BE3361600A78B19 /* Resources */ = {
			isa = PBXGroup;
			children = (
				3E1A73CE2BE3360000A78B19 /* Assets.xcassets */,
			);
			path = Resources;
			sourceTree = "<group>";
		};
		3E1A73DB2BE3375000A78B19 /* Model */ = {
			isa = PBXGroup;
			children = (
				3E1A73DF2BE33A8100A78B19 /* MovieAIModel.swift */,
			);
			path = Model;
			sourceTree = "<group>";
		};
		3E1A73DE2BE339CA00A78B19 /* Services */ = {
			isa = PBXGroup;
			children = (
				3E1A73DC2BE3379800A78B19 /* Constant.swift */,
			);
			path = Services;
			sourceTree = "<group>";
		};
		3E1A73EB2BE348A100A78B19 /* Config */ = {
			isa = PBXGroup;
			children = (
				3E1A73EC2BE348B900A78B19 /* RemoteConfigService.swift */,
			);
			path = Config;
			sourceTree = "<group>";
		};
		3E1A73EE2BE349A200A78B19 /* ViewModel */ = {
			isa = PBXGroup;
			children = (
				3E1A73EF2BE349E100A78B19 /* MovieAIViewModel.swift */,
			);
			path = ViewModel;
			sourceTree = "<group>";
		};
/* End PBXGroup section */

/* Begin PBXNativeTarget section */
		3E1A73C62BE335FF00A78B19 /* MovieAI */ = {
			isa = PBXNativeTarget;
			buildConfigurationList = 3E1A73D52BE3360000A78B19 /* Build configuration list for PBXNativeTarget "MovieAI" */;
			buildPhases = (
				3E1A73C32BE335FF00A78B19 /* Sources */,
				3E1A73C42BE335FF00A78B19 /* Frameworks */,
				3E1A73C52BE335FF00A78B19 /* Resources */,
			);
			buildRules = (
			);
			dependencies = (
			);
			name = MovieAI;
			packageProductDependencies = (
				3E1A73E22BE346E200A78B19 /* GoogleGenerativeAI */,
				3E1A73E52BE3475C00A78B19 /* FirebaseRemoteConfig */,
				3E1A73E72BE3475C00A78B19 /* FirebaseRemoteConfigSwift */,
			);
			productName = MovieAI;
			productReference = 3E1A73C72BE335FF00A78B19 /* MovieAI.app */;
			productType = "com.apple.product-type.application";
		};
/* End PBXNativeTarget section */

/* Begin PBXProject section */
		3E1A73BF2BE335FF00A78B19 /* Project object */ = {
			isa = PBXProject;
			attributes = {
				BuildIndependentTargetsInParallel = 1;
				LastSwiftUpdateCheck = 1530;
				LastUpgradeCheck = 1530;
				TargetAttributes = {
					3E1A73C62BE335FF00A78B19 = {
						CreatedOnToolsVersion = 15.3;
					};
				};
			};
			buildConfigurationList = 3E1A73C22BE335FF00A78B19 /* Build configuration list for PBXProject "MovieAI" */;
			compatibilityVersion = "Xcode 14.0";
			developmentRegion = en;
			hasScannedForEncodings = 0;
			knownRegions = (
				en,
				Base,
			);
			mainGroup = 3E1A73BE2BE335FF00A78B19;
			packageReferences = (
				3E1A73E12BE346E200A78B19 /* XCRemoteSwiftPackageReference "generative-ai-swift" */,
				3E1A73E42BE3475C00A78B19 /* XCRemoteSwiftPackageReference "firebase-ios-sdk" */,
			);
			productRefGroup = 3E1A73C82BE335FF00A78B19 /* Products */;
			projectDirPath = "";
			projectRoot = "";
			targets = (
				3E1A73C62BE335FF00A78B19 /* MovieAI */,
			);
		};
/* End PBXProject section */

/* Begin PBXResourcesBuildPhase section */
		3E1A73C52BE335FF00A78B19 /* Resources */ = {
			isa = PBXResourcesBuildPhase;
			buildActionMask = 2147483647;
			files = (
				3E1A73EA2BE347A300A78B19 /* GoogleService-Info.plist in Resources */,
				3E1A73D22BE3360000A78B19 /* Preview Assets.xcassets in Resources */,
				3E1A73CF2BE3360000A78B19 /* Assets.xcassets in Resources */,
			);
			runOnlyForDeploymentPostprocessing = 0;
		};
/* End PBXResourcesBuildPhase section */

/* Begin PBXSourcesBuildPhase section */
		3E1A73C32BE335FF00A78B19 /* Sources */ = {
			isa = PBXSourcesBuildPhase;
			buildActionMask = 2147483647;
			files = (
				3E1A73E02BE33A8100A78B19 /* MovieAIModel.swift in Sources */,
				3E1A73CD2BE335FF00A78B19 /* ContentView.swift in Sources */,
				3E1A73CB2BE335FF00A78B19 /* MovieAIApp.swift in Sources */,
				3E1A73ED2BE348B900A78B19 /* RemoteConfigService.swift in Sources */,
				3E1A73F22BE3520800A78B19 /* MovieRow.swift in Sources */,
				3E1A73DD2BE3379800A78B19 /* Constant.swift in Sources */,
				3E1A73F02BE349E100A78B19 /* MovieAIViewModel.swift in Sources */,
			);
			runOnlyForDeploymentPostprocessing = 0;
		};
/* End PBXSourcesBuildPhase section */

/* Begin XCBuildConfiguration section */
		3E1A73D32BE3360000A78B19 /* Debug */ = {
			isa = XCBuildConfiguration;
			buildSettings = {
				ALWAYS_SEARCH_USER_PATHS = NO;
				ASSETCATALOG_COMPILER_GENERATE_SWIFT_ASSET_SYMBOL_EXTENSIONS = YES;
				CLANG_ANALYZER_NONNULL = YES;
				CLANG_ANALYZER_NUMBER_OBJECT_CONVERSION = YES_AGGRESSIVE;
				CLANG_CXX_LANGUAGE_STANDARD = "gnu++20";
				CLANG_ENABLE_MODULES = YES;
				CLANG_ENABLE_OBJC_ARC = YES;
				CLANG_ENABLE_OBJC_WEAK = YES;
				CLANG_WARN_BLOCK_CAPTURE_AUTORELEASING = YES;
				CLANG_WARN_BOOL_CONVERSION = YES;
				CLANG_WARN_COMMA = YES;
				CLANG_WARN_CONSTANT_CONVERSION = YES;
				CLANG_WARN_DEPRECATED_OBJC_IMPLEMENTATIONS = YES;
				CLANG_WARN_DIRECT_OBJC_ISA_USAGE = YES_ERROR;
				CLANG_WARN_DOCUMENTATION_COMMENTS = YES;
				CLANG_WARN_EMPTY_BODY = YES;
				CLANG_WARN_ENUM_CONVERSION = YES;
				CLANG_WARN_INFINITE_RECURSION = YES;
				CLANG_WARN_INT_CONVERSION = YES;
				CLANG_WARN_NON_LITERAL_NULL_CONVERSION = YES;
				CLANG_WARN_OBJC_IMPLICIT_RETAIN_SELF = YES;
				CLANG_WARN_OBJC_LITERAL_CONVERSION = YES;
				CLANG_WARN_OBJC_ROOT_CLASS = YES_ERROR;
				CLANG_WARN_QUOTED_INCLUDE_IN_FRAMEWORK_HEADER = YES;
				CLANG_WARN_RANGE_LOOP_ANALYSIS = YES;
				CLANG_WARN_STRICT_PROTOTYPES = YES;
				CLANG_WARN_SUSPICIOUS_MOVE = YES;
				CLANG_WARN_UNGUARDED_AVAILABILITY = YES_AGGRESSIVE;
				CLANG_WARN_UNREACHABLE_CODE = YES;
				CLANG_WARN__DUPLICATE_METHOD_MATCH = YES;
				COPY_PHASE_STRIP = NO;
				DEBUG_INFORMATION_FORMAT = dwarf;
				ENABLE_STRICT_OBJC_MSGSEND = YES;
				ENABLE_TESTABILITY = YES;
				ENABLE_USER_SCRIPT_SANDBOXING = YES;
				GCC_C_LANGUAGE_STANDARD = gnu17;
				GCC_DYNAMIC_NO_PIC = NO;
				GCC_NO_COMMON_BLOCKS = YES;
				GCC_OPTIMIZATION_LEVEL = 0;
				GCC_PREPROCESSOR_DEFINITIONS = (
					"DEBUG=1",
					"$(inherited)",
				);
				GCC_WARN_64_TO_32_BIT_CONVERSION = YES;
				GCC_WARN_ABOUT_RETURN_TYPE = YES_ERROR;
				GCC_WARN_UNDECLARED_SELECTOR = YES;
				GCC_WARN_UNINITIALIZED_AUTOS = YES_AGGRESSIVE;
				GCC_WARN_UNUSED_FUNCTION = YES;
				GCC_WARN_UNUSED_VARIABLE = YES;
				IPHONEOS_DEPLOYMENT_TARGET = 17.4;
				LOCALIZATION_PREFERS_STRING_CATALOGS = YES;
				MTL_ENABLE_DEBUG_INFO = INCLUDE_SOURCE;
				MTL_FAST_MATH = YES;
				ONLY_ACTIVE_ARCH = YES;
				SDKROOT = iphoneos;
				SWIFT_ACTIVE_COMPILATION_CONDITIONS = "DEBUG $(inherited)";
				SWIFT_OPTIMIZATION_LEVEL = "-Onone";
			};
			name = Debug;
		};
		3E1A73D42BE3360000A78B19 /* Release */ = {
			isa = XCBuildConfiguration;
			buildSettings = {
				ALWAYS_SEARCH_USER_PATHS = NO;
				ASSETCATALOG_COMPILER_GENERATE_SWIFT_ASSET_SYMBOL_EXTENSIONS = YES;
				CLANG_ANALYZER_NONNULL = YES;
				CLANG_ANALYZER_NUMBER_OBJECT_CONVERSION = YES_AGGRESSIVE;
				CLANG_CXX_LANGUAGE_STANDARD = "gnu++20";
				CLANG_ENABLE_MODULES = YES;
				CLANG_ENABLE_OBJC_ARC = YES;
				CLANG_ENABLE_OBJC_WEAK = YES;
				CLANG_WARN_BLOCK_CAPTURE_AUTORELEASING = YES;
				CLANG_WARN_BOOL_CONVERSION = YES;
				CLANG_WARN_COMMA = YES;
				CLANG_WARN_CONSTANT_CONVERSION = YES;
				CLANG_WARN_DEPRECATED_OBJC_IMPLEMENTATIONS = YES;
				CLANG_WARN_DIRECT_OBJC_ISA_USAGE = YES_ERROR;
				CLANG_WARN_DOCUMENTATION_COMMENTS = YES;
				CLANG_WARN_EMPTY_BODY = YES;
				CLANG_WARN_ENUM_CONVERSION = YES;
				CLANG_WARN_INFINITE_RECURSION = YES;
				CLANG_WARN_INT_CONVERSION = YES;
				CLANG_WARN_NON_LITERAL_NULL_CONVERSION = YES;
				CLANG_WARN_OBJC_IMPLICIT_RETAIN_SELF = YES;
				CLANG_WARN_OBJC_LITERAL_CONVERSION = YES;
				CLANG_WARN_OBJC_ROOT_CLASS = YES_ERROR;
				CLANG_WARN_QUOTED_INCLUDE_IN_FRAMEWORK_HEADER = YES;
				CLANG_WARN_RANGE_LOOP_ANALYSIS = YES;
				CLANG_WARN_STRICT_PROTOTYPES = YES;
				CLANG_WARN_SUSPICIOUS_MOVE = YES;
				CLANG_WARN_UNGUARDED_AVAILABILITY = YES_AGGRESSIVE;
				CLANG_WARN_UNREACHABLE_CODE = YES;
				CLANG_WARN__DUPLICATE_METHOD_MATCH = YES;
				COPY_PHASE_STRIP = NO;
				DEBUG_INFORMATION_FORMAT = "dwarf-with-dsym";
				ENABLE_NS_ASSERTIONS = NO;
				ENABLE_STRICT_OBJC_MSGSEND = YES;
				ENABLE_USER_SCRIPT_SANDBOXING = YES;
				GCC_C_LANGUAGE_STANDARD = gnu17;
				GCC_NO_COMMON_BLOCKS = YES;
				GCC_WARN_64_TO_32_BIT_CONVERSION = YES;
				GCC_WARN_ABOUT_RETURN_TYPE = YES_ERROR;
				GCC_WARN_UNDECLARED_SELECTOR = YES;
				GCC_WARN_UNINITIALIZED_AUTOS = YES_AGGRESSIVE;
				GCC_WARN_UNUSED_FUNCTION = YES;
				GCC_WARN_UNUSED_VARIABLE = YES;
				IPHONEOS_DEPLOYMENT_TARGET = 17.4;
				LOCALIZATION_PREFERS_STRING_CATALOGS = YES;
				MTL_ENABLE_DEBUG_INFO = NO;
				MTL_FAST_MATH = YES;
				SDKROOT = iphoneos;
				SWIFT_COMPILATION_MODE = wholemodule;
				VALIDATE_PRODUCT = YES;
			};
			name = Release;
		};
		3E1A73D62BE3360000A78B19 /* Debug */ = {
			isa = XCBuildConfiguration;
			buildSettings = {
				ASSETCATALOG_COMPILER_APPICON_NAME = AppIcon;
				ASSETCATALOG_COMPILER_GLOBAL_ACCENT_COLOR_NAME = AccentColor;
				CODE_SIGN_STYLE = Automatic;
				CURRENT_PROJECT_VERSION = 1;
				DEVELOPMENT_ASSET_PATHS = "\"MovieAI/Preview Content\"";
				ENABLE_PREVIEWS = YES;
				GENERATE_INFOPLIST_FILE = YES;
				INFOPLIST_KEY_UIApplicationSceneManifest_Generation = YES;
				INFOPLIST_KEY_UIApplicationSupportsIndirectInputEvents = YES;
				INFOPLIST_KEY_UILaunchScreen_Generation = YES;
				INFOPLIST_KEY_UISupportedInterfaceOrientations_iPad = "UIInterfaceOrientationPortrait UIInterfaceOrientationPortraitUpsideDown UIInterfaceOrientationLandscapeLeft UIInterfaceOrientationLandscapeRight";
				INFOPLIST_KEY_UISupportedInterfaceOrientations_iPhone = "UIInterfaceOrientationPortrait UIInterfaceOrientationLandscapeLeft UIInterfaceOrientationLandscapeRight";
				LD_RUNPATH_SEARCH_PATHS = (
					"$(inherited)",
					"@executable_path/Frameworks",
				);
				MARKETING_VERSION = 1.0;
				PRODUCT_BUNDLE_IDENTIFIER = com.bcas.MovieAI;
				PRODUCT_NAME = "$(TARGET_NAME)";
				SWIFT_EMIT_LOC_STRINGS = YES;
				SWIFT_VERSION = 5.0;
				TARGETED_DEVICE_FAMILY = "1,2";
			};
			name = Debug;
		};
		3E1A73D72BE3360000A78B19 /* Release */ = {
			isa = XCBuildConfiguration;
			buildSettings = {
				ASSETCATALOG_COMPILER_APPICON_NAME = AppIcon;
				ASSETCATALOG_COMPILER_GLOBAL_ACCENT_COLOR_NAME = AccentColor;
				CODE_SIGN_STYLE = Automatic;
				CURRENT_PROJECT_VERSION = 1;
				DEVELOPMENT_ASSET_PATHS = "\"MovieAI/Preview Content\"";
				ENABLE_PREVIEWS = YES;
				GENERATE_INFOPLIST_FILE = YES;
				INFOPLIST_KEY_UIApplicationSceneManifest_Generation = YES;
				INFOPLIST_KEY_UIApplicationSupportsIndirectInputEvents = YES;
				INFOPLIST_KEY_UILaunchScreen_Generation = YES;
				INFOPLIST_KEY_UISupportedInterfaceOrientations_iPad = "UIInterfaceOrientationPortrait UIInterfaceOrientationPortraitUpsideDown UIInterfaceOrientationLandscapeLeft UIInterfaceOrientationLandscapeRight";
				INFOPLIST_KEY_UISupportedInterfaceOrientations_iPhone = "UIInterfaceOrientationPortrait UIInterfaceOrientationLandscapeLeft UIInterfaceOrientationLandscapeRight";
				LD_RUNPATH_SEARCH_PATHS = (
					"$(inherited)",
					"@executable_path/Frameworks",
				);
				MARKETING_VERSION = 1.0;
				PRODUCT_BUNDLE_IDENTIFIER = com.bcas.MovieAI;
				PRODUCT_NAME = "$(TARGET_NAME)";
				SWIFT_EMIT_LOC_STRINGS = YES;
				SWIFT_VERSION = 5.0;
				TARGETED_DEVICE_FAMILY = "1,2";
			};
			name = Release;
		};
/* End XCBuildConfiguration section */

/* Begin XCConfigurationList section */
		3E1A73C22BE335FF00A78B19 /* Build configuration list for PBXProject "MovieAI" */ = {
			isa = XCConfigurationList;
			buildConfigurations = (
				3E1A73D32BE3360000A78B19 /* Debug */,
				3E1A73D42BE3360000A78B19 /* Release */,
			);
			defaultConfigurationIsVisible = 0;
			defaultConfigurationName = Release;
		};
		3E1A73D52BE3360000A78B19 /* Build configuration list for PBXNativeTarget "MovieAI" */ = {
			isa = XCConfigurationList;
			buildConfigurations = (
				3E1A73D62BE3360000A78B19 /* Debug */,
				3E1A73D72BE3360000A78B19 /* Release */,
			);
			defaultConfigurationIsVisible = 0;
			defaultConfigurationName = Release;
		};
/* End XCConfigurationList section */

/* Begin XCRemoteSwiftPackageReference section */
		3E1A73E12BE346E200A78B19 /* XCRemoteSwiftPackageReference "generative-ai-swift" */ = {
			isa = XCRemoteSwiftPackageReference;
			repositoryURL = "https://github.com/google-gemini/generative-ai-swift.git";
			requirement = {
				kind = upToNextMajorVersion;
				minimumVersion = 0.5.1;
			};
		};
		3E1A73E42BE3475C00A78B19 /* XCRemoteSwiftPackageReference "firebase-ios-sdk" */ = {
			isa = XCRemoteSwiftPackageReference;
			repositoryURL = "https://github.com/firebase/firebase-ios-sdk.git";
			requirement = {
				kind = upToNextMajorVersion;
				minimumVersion = 10.25.0;
			};
		};
/* End XCRemoteSwiftPackageReference section */

/* Begin XCSwiftPackageProductDependency section */
		3E1A73E22BE346E200A78B19 /* GoogleGenerativeAI */ = {
			isa = XCSwiftPackageProductDependency;
			package = 3E1A73E12BE346E200A78B19 /* XCRemoteSwiftPackageReference "generative-ai-swift" */;
			productName = GoogleGenerativeAI;
		};
		3E1A73E52BE3475C00A78B19 /* FirebaseRemoteConfig */ = {
			isa = XCSwiftPackageProductDependency;
			package = 3E1A73E42BE3475C00A78B19 /* XCRemoteSwiftPackageReference "firebase-ios-sdk" */;
			productName = FirebaseRemoteConfig;
		};
		3E1A73E72BE3475C00A78B19 /* FirebaseRemoteConfigSwift */ = {
			isa = XCSwiftPackageProductDependency;
			package = 3E1A73E42BE3475C00A78B19 /* XCRemoteSwiftPackageReference "firebase-ios-sdk" */;
			productName = FirebaseRemoteConfigSwift;
		};
/* End XCSwiftPackageProductDependency section */
	};
	rootObject = 3E1A73BF2BE335FF00A78B19 /* Project object */;
}
